
Microsoft Visual Studio Solution File, Format Version 12.00
# Visual Studio Version 16
VisualStudioVersion = 16.0.29519.87
MinimumVisualStudioVersion = 10.0.40219.1
Project("{9A19103F-16F7-4668-BE54-9A1E7A4F7556}") = "EmployeeManagement", "EmployeeManagement\EmployeeManagement.csproj", "{FE8DC004-33E4-431A-8547-A98DC4E9F7CD}"
EndProject
Global
	GlobalSection(SolutionConfigurationPlatforms) = preSolution
		Debug|Any CPU = Debug|Any CPU
		Release|Any CPU = Release|Any CPU
	EndGlobalSection
	GlobalSection(ProjectConfigurationPlatforms) = postSolution
		{FE8DC004-33E4-431A-8547-A98DC4E9F7CD}.Debug|Any CPU.ActiveCfg = Debug|Any CPU
		{FE8DC004-33E4-431A-8547-A98DC4E9F7CD}.Debug|Any CPU.Build.0 = Debug|Any CPU
		{FE8DC004-33E4-431A-8547-A98DC4E9F7CD}.Release|Any CPU.ActiveCfg = Release|Any CPU
		{FE8DC004-33E4-431A-8547-A98DC4E9F7CD}.Release|Any CPU.Build.0 = Release|Any CPU
	EndGlobalSection
	GlobalSection(SolutionProperties) = preSolution
		HideSolutionNode = FALSE
	EndGlobalSection
	GlobalSection(ExtensibilityGlobals) = postSolution
		SolutionGuid = {16342CB9-652B-4D49-B733-84C433DD1E2F}
	EndGlobalSection
EndGlobal
